
Microsoft Visual Studio Solution File, Format Version 12.00
# Visual Studio 2013
VisualStudioVersion = 12.0.31101.0
MinimumVisualStudioVersion = 10.0.40219.1
Project("{FAE04EC0-301F-11D3-BF4B-00C04F79EFBC}") = "militOfficeLib", "militOfficeLib\militOfficeLib.csproj", "{50D3903A-9FA2-40E5-8769-54E49E79BDA5}"
EndProject
Project("{FAE04EC0-301F-11D3-BF4B-00C04F79EFBC}") = "militOfficeLibUnitTests", "militOfficeLibUnitTests\militOfficeLibUnitTests.csproj", "{812AC80D-0000-4F19-A286-4DACE02774E5}"
EndProject
Project("{FAE04EC0-301F-11D3-BF4B-00C04F79EFBC}") = "militOfficeUI", "militOfficeUI\militOfficeUI.csproj", "{B8FB66E2-2483-46C6-9E43-2855E0F2132E}"
EndProject
Project("{FAE04EC0-301F-11D3-BF4B-00C04F79EFBC}") = "IGTests", "IGTests\IGTests.csproj", "{DABE357F-034A-438A-9AF0-CED78D2EA5C0}"
EndProject
Global
	GlobalSection(SolutionConfigurationPlatforms) = preSolution
		Debug|Any CPU = Debug|Any CPU
		Release|Any CPU = Release|Any CPU
	EndGlobalSection
	GlobalSection(ProjectConfigurationPlatforms) = postSolution
		{50D3903A-9FA2-40E5-8769-54E49E79BDA5}.Debug|Any CPU.ActiveCfg = Debug|Any CPU
		{50D3903A-9FA2-40E5-8769-54E49E79BDA5}.Debug|Any CPU.Build.0 = Debug|Any CPU
		{50D3903A-9FA2-40E5-8769-54E49E79BDA5}.Release|Any CPU.ActiveCfg = Release|Any CPU
		{50D3903A-9FA2-40E5-8769-54E49E79BDA5}.Release|Any CPU.Build.0 = Release|Any CPU
		{812AC80D-0000-4F19-A286-4DACE02774E5}.Debug|Any CPU.ActiveCfg = Debug|Any CPU
		{812AC80D-0000-4F19-A286-4DACE02774E5}.Debug|Any CPU.Build.0 = Debug|Any CPU
		{812AC80D-0000-4F19-A286-4DACE02774E5}.Release|Any CPU.ActiveCfg = Release|Any CPU
		{812AC80D-0000-4F19-A286-4DACE02774E5}.Release|Any CPU.Build.0 = Release|Any CPU
		{B8FB66E2-2483-46C6-9E43-2855E0F2132E}.Debug|Any CPU.ActiveCfg = Debug|Any CPU
		{B8FB66E2-2483-46C6-9E43-2855E0F2132E}.Debug|Any CPU.Build.0 = Debug|Any CPU
		{B8FB66E2-2483-46C6-9E43-2855E0F2132E}.Release|Any CPU.ActiveCfg = Release|Any CPU
		{B8FB66E2-2483-46C6-9E43-2855E0F2132E}.Release|Any CPU.Build.0 = Release|Any CPU
		{DABE357F-034A-438A-9AF0-CED78D2EA5C0}.Debug|Any CPU.ActiveCfg = Debug|Any CPU
		{DABE357F-034A-438A-9AF0-CED78D2EA5C0}.Debug|Any CPU.Build.0 = Debug|Any CPU
		{DABE357F-034A-438A-9AF0-CED78D2EA5C0}.Release|Any CPU.ActiveCfg = Release|Any CPU
		{DABE357F-034A-438A-9AF0-CED78D2EA5C0}.Release|Any CPU.Build.0 = Release|Any CPU
	EndGlobalSection
	GlobalSection(SolutionProperties) = preSolution
		HideSolutionNode = FALSE
	EndGlobalSection
EndGlobal
